
Microsoft Visual Studio Solution File, Format Version 12.00
# Visual Studio Version 17
VisualStudioVersion = 17.0.32126.317
MinimumVisualStudioVersion = 10.0.40219.1
Project("{FAE04EC0-301F-11D3-BF4B-00C04F79EFBC}") = "MyRecipesV2", "MyRecipesV2\MyRecipesV2.csproj", "{8F7A4B75-7E1B-4666-BAEE-137F959F13BD}"
EndProject
Project("{2150E333-8FDC-42A3-9474-1A3956D46DE8}") = "Solution Items", "Solution Items", "{C5ADE25A-2187-43D1-9C19-45130E8962DC}"
	ProjectSection(SolutionItems) = preProject
		global.json = global.json
	EndProjectSection
EndProject
Global
	GlobalSection(SolutionConfigurationPlatforms) = preSolution
		Debug|Any CPU = Debug|Any CPU
		Release|Any CPU = Release|Any CPU
	EndGlobalSection
	GlobalSection(ProjectConfigurationPlatforms) = postSolution
		{8F7A4B75-7E1B-4666-BAEE-137F959F13BD}.Debug|Any CPU.ActiveCfg = Debug|Any CPU
		{8F7A4B75-7E1B-4666-BAEE-137F959F13BD}.Debug|Any CPU.Build.0 = Debug|Any CPU
		{8F7A4B75-7E1B-4666-BAEE-137F959F13BD}.Release|Any CPU.ActiveCfg = Release|Any CPU
		{8F7A4B75-7E1B-4666-BAEE-137F959F13BD}.Release|Any CPU.Build.0 = Release|Any CPU
	EndGlobalSection
	GlobalSection(SolutionProperties) = preSolution
		HideSolutionNode = FALSE
	EndGlobalSection
	GlobalSection(ExtensibilityGlobals) = postSolution
		SolutionGuid = {AEC2F10A-8323-44CD-8C39-C5E0BA777350}
	EndGlobalSection
EndGlobal
